
Microsoft Visual Studio Solution File, Format Version 12.00
# Visual Studio Version 16
VisualStudioVersion = 25.0.1706.10
MinimumVisualStudioVersion = 10.0.40219.1
Project("{FAE04EC0-301F-11D3-BF4B-00C04F79EFBC}") = "Backend.WebApi", "Backend.WebApi\Backend.WebApi.csproj", "{AA5AC6EA-EFC3-4DAF-9846-2CED893E7305}"
EndProject
Project("{FAE04EC0-301F-11D3-BF4B-00C04F79EFBC}") = "Backend.Infrastructure", "Backend.Infrastructure\Backend.Infrastructure.csproj", "{4A903418-75FE-4CD8-9BF5-86A27C7B00C0}"
EndProject
Global
	GlobalSection(SolutionConfigurationPlatforms) = preSolution
		Debug|Any CPU = Debug|Any CPU
		Release|Any CPU = Release|Any CPU
	EndGlobalSection
	GlobalSection(ProjectConfigurationPlatforms) = postSolution
		{AA5AC6EA-EFC3-4DAF-9846-2CED893E7305}.Debug|Any CPU.ActiveCfg = Debug|Any CPU
		{AA5AC6EA-EFC3-4DAF-9846-2CED893E7305}.Debug|Any CPU.Build.0 = Debug|Any CPU
		{AA5AC6EA-EFC3-4DAF-9846-2CED893E7305}.Release|Any CPU.ActiveCfg = Release|Any CPU
		{AA5AC6EA-EFC3-4DAF-9846-2CED893E7305}.Release|Any CPU.Build.0 = Release|Any CPU
		{4A903418-75FE-4CD8-9BF5-86A27C7B00C0}.Debug|Any CPU.ActiveCfg = Debug|Any CPU
		{4A903418-75FE-4CD8-9BF5-86A27C7B00C0}.Debug|Any CPU.Build.0 = Debug|Any CPU
		{4A903418-75FE-4CD8-9BF5-86A27C7B00C0}.Release|Any CPU.ActiveCfg = Release|Any CPU
		{4A903418-75FE-4CD8-9BF5-86A27C7B00C0}.Release|Any CPU.Build.0 = Release|Any CPU
	EndGlobalSection
	GlobalSection(SolutionProperties) = preSolution
		HideSolutionNode = FALSE
	EndGlobalSection
	GlobalSection(ExtensibilityGlobals) = postSolution
		SolutionGuid = {44E81921-48AE-4671-B2CC-39E4BFD564C1}
	EndGlobalSection
	GlobalSection(MonoDevelopProperties) = preSolution
		description = Backend for Money Management application
	EndGlobalSection
EndGlobal
